
Microsoft Visual Studio Solution File, Format Version 12.00
# Visual Studio Version 17
VisualStudioVersion = 17.5.33516.290
MinimumVisualStudioVersion = 10.0.40219.1
Project("{FAE04EC0-301F-11D3-BF4B-00C04F79EFBC}") = "Order", "Order\Order.csproj", "{81A9EB99-B8F2-4F92-B2E0-B9C3B9980A77}"
EndProject
Project("{FAE04EC0-301F-11D3-BF4B-00C04F79EFBC}") = "Stock", "Stock\Stock.csproj", "{B91E846E-30E2-400F-9D56-CEA9AB90D500}"
EndProject
Project("{FAE04EC0-301F-11D3-BF4B-00C04F79EFBC}") = "Payment", "Payment\Payment.csproj", "{CE1CB360-81BA-4335-B32D-EB02747FDCD2}"
EndProject
Project("{FAE04EC0-301F-11D3-BF4B-00C04F79EFBC}") = "Shared", "Shared\Shared.csproj", "{6AED60E8-3D34-426F-8174-11E5FB154232}"
EndProject
Global
	GlobalSection(SolutionConfigurationPlatforms) = preSolution
		Debug|Any CPU = Debug|Any CPU
		Release|Any CPU = Release|Any CPU
	EndGlobalSection
	GlobalSection(ProjectConfigurationPlatforms) = postSolution
		{81A9EB99-B8F2-4F92-B2E0-B9C3B9980A77}.Debug|Any CPU.ActiveCfg = Debug|Any CPU
		{81A9EB99-B8F2-4F92-B2E0-B9C3B9980A77}.Debug|Any CPU.Build.0 = Debug|Any CPU
		{81A9EB99-B8F2-4F92-B2E0-B9C3B9980A77}.Release|Any CPU.ActiveCfg = Release|Any CPU
		{81A9EB99-B8F2-4F92-B2E0-B9C3B9980A77}.Release|Any CPU.Build.0 = Release|Any CPU
		{B91E846E-30E2-400F-9D56-CEA9AB90D500}.Debug|Any CPU.ActiveCfg = Debug|Any CPU
		{B91E846E-30E2-400F-9D56-CEA9AB90D500}.Debug|Any CPU.Build.0 = Debug|Any CPU
		{B91E846E-30E2-400F-9D56-CEA9AB90D500}.Release|Any CPU.ActiveCfg = Release|Any CPU
		{B91E846E-30E2-400F-9D56-CEA9AB90D500}.Release|Any CPU.Build.0 = Release|Any CPU
		{CE1CB360-81BA-4335-B32D-EB02747FDCD2}.Debug|Any CPU.ActiveCfg = Debug|Any CPU
		{CE1CB360-81BA-4335-B32D-EB02747FDCD2}.Debug|Any CPU.Build.0 = Debug|Any CPU
		{CE1CB360-81BA-4335-B32D-EB02747FDCD2}.Release|Any CPU.ActiveCfg = Release|Any CPU
		{CE1CB360-81BA-4335-B32D-EB02747FDCD2}.Release|Any CPU.Build.0 = Release|Any CPU
		{6AED60E8-3D34-426F-8174-11E5FB154232}.Debug|Any CPU.ActiveCfg = Debug|Any CPU
		{6AED60E8-3D34-426F-8174-11E5FB154232}.Debug|Any CPU.Build.0 = Debug|Any CPU
		{6AED60E8-3D34-426F-8174-11E5FB154232}.Release|Any CPU.ActiveCfg = Release|Any CPU
		{6AED60E8-3D34-426F-8174-11E5FB154232}.Release|Any CPU.Build.0 = Release|Any CPU
	EndGlobalSection
	GlobalSection(SolutionProperties) = preSolution
		HideSolutionNode = FALSE
	EndGlobalSection
	GlobalSection(ExtensibilityGlobals) = postSolution
		SolutionGuid = {CE205D45-31B1-46DD-A009-3DCCBEA2C213}
	EndGlobalSection
EndGlobal
